
Microsoft Visual Studio Solution File, Format Version 12.00
# Visual Studio Version 17
VisualStudioVersion = 17.7.34003.232
MinimumVisualStudioVersion = 10.0.40219.1
Project("{FAE04EC0-301F-11D3-BF4B-00C04F79EFBC}") = "ControlnaIcpitWinForm14.12.2023", "ControlnaIcpitWinForm14.12.2023\ControlnaIcpitWinForm14.12.2023.csproj", "{FBA9BE9B-83C1-4A2B-922A-31C15498CB62}"
EndProject
Global
	GlobalSection(SolutionConfigurationPlatforms) = preSolution
		Debug|Any CPU = Debug|Any CPU
		Release|Any CPU = Release|Any CPU
	EndGlobalSection
	GlobalSection(ProjectConfigurationPlatforms) = postSolution
		{FBA9BE9B-83C1-4A2B-922A-31C15498CB62}.Debug|Any CPU.ActiveCfg = Debug|Any CPU
		{FBA9BE9B-83C1-4A2B-922A-31C15498CB62}.Debug|Any CPU.Build.0 = Debug|Any CPU
		{FBA9BE9B-83C1-4A2B-922A-31C15498CB62}.Release|Any CPU.ActiveCfg = Release|Any CPU
		{FBA9BE9B-83C1-4A2B-922A-31C15498CB62}.Release|Any CPU.Build.0 = Release|Any CPU
	EndGlobalSection
	GlobalSection(SolutionProperties) = preSolution
		HideSolutionNode = FALSE
	EndGlobalSection
	GlobalSection(ExtensibilityGlobals) = postSolution
		SolutionGuid = {40609C29-6666-4BD9-8109-71FB2E18A668}
	EndGlobalSection
EndGlobal
